
Microsoft Visual Studio Solution File, Format Version 12.00
# Visual Studio Version 17
VisualStudioVersion = 17.10.35027.167
MinimumVisualStudioVersion = 10.0.40219.1
Project("{9A19103F-16F7-4668-BE54-9A1E7A4F7556}") = "XmlToJsonConvertor", "XmlToJsonConvertor\XmlToJsonConvertor.csproj", "{59E85ACF-DF60-4F62-87B1-68C5934CEC57}"
EndProject
Global
	GlobalSection(SolutionConfigurationPlatforms) = preSolution
		Debug|Any CPU = Debug|Any CPU
		Release|Any CPU = Release|Any CPU
	EndGlobalSection
	GlobalSection(ProjectConfigurationPlatforms) = postSolution
		{59E85ACF-DF60-4F62-87B1-68C5934CEC57}.Debug|Any CPU.ActiveCfg = Debug|Any CPU
		{59E85ACF-DF60-4F62-87B1-68C5934CEC57}.Debug|Any CPU.Build.0 = Debug|Any CPU
		{59E85ACF-DF60-4F62-87B1-68C5934CEC57}.Release|Any CPU.ActiveCfg = Release|Any CPU
		{59E85ACF-DF60-4F62-87B1-68C5934CEC57}.Release|Any CPU.Build.0 = Release|Any CPU
	EndGlobalSection
	GlobalSection(SolutionProperties) = preSolution
		HideSolutionNode = FALSE
	EndGlobalSection
	GlobalSection(ExtensibilityGlobals) = postSolution
		SolutionGuid = {BB953D34-9F33-4A68-873D-5F0F9D6E31C0}
	EndGlobalSection
EndGlobal
